
Microsoft Visual Studio Solution File, Format Version 12.00
# Visual Studio Version 17
VisualStudioVersion = 17.8.34330.188
MinimumVisualStudioVersion = 10.0.40219.1
Project("{9A19103F-16F7-4668-BE54-9A1E7A4F7556}") = "DataAccess", "DataAccess\DataAccess.csproj", "{E41535AE-BC67-490C-B3AA-DD0492618419}"
EndProject
Project("{9A19103F-16F7-4668-BE54-9A1E7A4F7556}") = "Shared", "Shared\Shared.csproj", "{E9ACF233-A8AC-40BB-B9B8-ACA855DB4823}"
EndProject
Project("{9A19103F-16F7-4668-BE54-9A1E7A4F7556}") = "ApiUI", "ApiUI\ApiUI.csproj", "{8BA397C0-3A0B-4015-BC97-D2BFCCA15163}"
EndProject
Project("{9A19103F-16F7-4668-BE54-9A1E7A4F7556}") = "Business", "Business\Business.csproj", "{7181AA5F-8CCC-44F9-A934-218945E00EC0}"
EndProject
Project("{9A19103F-16F7-4668-BE54-9A1E7A4F7556}") = "AdminUI", "AdminUI\AdminUI.csproj", "{BF0A5296-361F-4F35-9DBA-35ACD115D020}"
EndProject
Project("{2150E333-8FDC-42A3-9474-1A3956D46DE8}") = "Admin", "Admin", "{7072A21B-4700-49C0-8524-00B251E111A2}"
EndProject
Project("{2150E333-8FDC-42A3-9474-1A3956D46DE8}") = "Web", "Web", "{13D86AD7-EC38-4FB6-ACE2-473AC04111EB}"
EndProject
Project("{2150E333-8FDC-42A3-9474-1A3956D46DE8}") = "Api", "Api", "{2027CDE6-4044-4F06-9E84-D52A608D69BB}"
EndProject
Project("{9A19103F-16F7-4668-BE54-9A1E7A4F7556}") = "ApiAccess", "ApiAccess\ApiAccess.csproj", "{8C2FD754-591E-44D2-BCDB-DDA34B17CB25}"
EndProject
Project("{FAE04EC0-301F-11D3-BF4B-00C04F79EFBC}") = "WebUI", "WebUI\WebUI.csproj", "{9C557209-7D2D-4B53-A09A-20B3D5948DA5}"
EndProject
Global
	GlobalSection(SolutionConfigurationPlatforms) = preSolution
		Debug|Any CPU = Debug|Any CPU
		Release|Any CPU = Release|Any CPU
	EndGlobalSection
	GlobalSection(ProjectConfigurationPlatforms) = postSolution
		{E41535AE-BC67-490C-B3AA-DD0492618419}.Debug|Any CPU.ActiveCfg = Debug|Any CPU
		{E41535AE-BC67-490C-B3AA-DD0492618419}.Debug|Any CPU.Build.0 = Debug|Any CPU
		{E41535AE-BC67-490C-B3AA-DD0492618419}.Release|Any CPU.ActiveCfg = Release|Any CPU
		{E41535AE-BC67-490C-B3AA-DD0492618419}.Release|Any CPU.Build.0 = Release|Any CPU
		{E9ACF233-A8AC-40BB-B9B8-ACA855DB4823}.Debug|Any CPU.ActiveCfg = Debug|Any CPU
		{E9ACF233-A8AC-40BB-B9B8-ACA855DB4823}.Debug|Any CPU.Build.0 = Debug|Any CPU
		{E9ACF233-A8AC-40BB-B9B8-ACA855DB4823}.Release|Any CPU.ActiveCfg = Release|Any CPU
		{E9ACF233-A8AC-40BB-B9B8-ACA855DB4823}.Release|Any CPU.Build.0 = Release|Any CPU
		{8BA397C0-3A0B-4015-BC97-D2BFCCA15163}.Debug|Any CPU.ActiveCfg = Debug|Any CPU
		{8BA397C0-3A0B-4015-BC97-D2BFCCA15163}.Debug|Any CPU.Build.0 = Debug|Any CPU
		{8BA397C0-3A0B-4015-BC97-D2BFCCA15163}.Release|Any CPU.ActiveCfg = Release|Any CPU
		{8BA397C0-3A0B-4015-BC97-D2BFCCA15163}.Release|Any CPU.Build.0 = Release|Any CPU
		{7181AA5F-8CCC-44F9-A934-218945E00EC0}.Debug|Any CPU.ActiveCfg = Debug|Any CPU
		{7181AA5F-8CCC-44F9-A934-218945E00EC0}.Debug|Any CPU.Build.0 = Debug|Any CPU
		{7181AA5F-8CCC-44F9-A934-218945E00EC0}.Release|Any CPU.ActiveCfg = Release|Any CPU
		{7181AA5F-8CCC-44F9-A934-218945E00EC0}.Release|Any CPU.Build.0 = Release|Any CPU
		{BF0A5296-361F-4F35-9DBA-35ACD115D020}.Debug|Any CPU.ActiveCfg = Debug|Any CPU
		{BF0A5296-361F-4F35-9DBA-35ACD115D020}.Debug|Any CPU.Build.0 = Debug|Any CPU
		{BF0A5296-361F-4F35-9DBA-35ACD115D020}.Release|Any CPU.ActiveCfg = Release|Any CPU
		{BF0A5296-361F-4F35-9DBA-35ACD115D020}.Release|Any CPU.Build.0 = Release|Any CPU
		{8C2FD754-591E-44D2-BCDB-DDA34B17CB25}.Debug|Any CPU.ActiveCfg = Debug|Any CPU
		{8C2FD754-591E-44D2-BCDB-DDA34B17CB25}.Debug|Any CPU.Build.0 = Debug|Any CPU
		{8C2FD754-591E-44D2-BCDB-DDA34B17CB25}.Release|Any CPU.ActiveCfg = Release|Any CPU
		{8C2FD754-591E-44D2-BCDB-DDA34B17CB25}.Release|Any CPU.Build.0 = Release|Any CPU
		{9C557209-7D2D-4B53-A09A-20B3D5948DA5}.Debug|Any CPU.ActiveCfg = Debug|Any CPU
		{9C557209-7D2D-4B53-A09A-20B3D5948DA5}.Debug|Any CPU.Build.0 = Debug|Any CPU
		{9C557209-7D2D-4B53-A09A-20B3D5948DA5}.Release|Any CPU.ActiveCfg = Release|Any CPU
		{9C557209-7D2D-4B53-A09A-20B3D5948DA5}.Release|Any CPU.Build.0 = Release|Any CPU
	EndGlobalSection
	GlobalSection(SolutionProperties) = preSolution
		HideSolutionNode = FALSE
	EndGlobalSection
	GlobalSection(NestedProjects) = preSolution
		{E41535AE-BC67-490C-B3AA-DD0492618419} = {2027CDE6-4044-4F06-9E84-D52A608D69BB}
		{8BA397C0-3A0B-4015-BC97-D2BFCCA15163} = {2027CDE6-4044-4F06-9E84-D52A608D69BB}
		{7181AA5F-8CCC-44F9-A934-218945E00EC0} = {2027CDE6-4044-4F06-9E84-D52A608D69BB}
		{BF0A5296-361F-4F35-9DBA-35ACD115D020} = {7072A21B-4700-49C0-8524-00B251E111A2}
		{9C557209-7D2D-4B53-A09A-20B3D5948DA5} = {13D86AD7-EC38-4FB6-ACE2-473AC04111EB}
	EndGlobalSection
	GlobalSection(ExtensibilityGlobals) = postSolution
		SolutionGuid = {172F033F-00DD-4223-BAA7-0069A9B63E77}
	EndGlobalSection
EndGlobal
